# THIS IS AN AUTOGENERATED FILE. DO NOT EDIT THIS FILE DIRECTLY.
# yarn lockfile v1


echarts@^4.8.0:
  version "4.8.0"
  resolved "https://registry.npm.taobao.org/echarts/download/echarts-4.8.0.tgz#b2c1cfb9229b13d368ee104fc8eea600b574d4c4"
  integrity sha1-ssHPuSKbE9No7hBPyO6mALV01MQ=
  dependencies:
    zrender "4.3.1"

zrender@4.3.1:
  version "4.3.1"
  resolved "https://registry.npm.taobao.org/zrender/download/zrender-4.3.1.tgz#baf8aa6dc8187a2f819692d7d5f9bedfa2b90fa3"
  integrity sha1-uviqbcgYei+BlpLX1fm+36K5D6M=
